
Microsoft Visual Studio Solution File, Format Version 12.00
# Visual Studio Version 17
VisualStudioVersion = 17.14.36401.2
MinimumVisualStudioVersion = 10.0.40219.1
Project("{FAE04EC0-301F-11D3-BF4B-00C04F79EFBC}") = "OrderProcessingSystem.Api", "OrderProcessingSystem.Api\OrderProcessingSystem.Api.csproj", "{F764E8F3-F87F-4DCD-A8F3-7E61F2295E08}"
EndProject
Project("{FAE04EC0-301F-11D3-BF4B-00C04F79EFBC}") = "OrderProcessingSystem.OrderService", "OrderProcessingSystem.OrderService\OrderProcessingSystem.OrderService.csproj", "{5B2A71CA-D805-1CC1-1543-55505565BBD3}"
EndProject
Global
	GlobalSection(SolutionConfigurationPlatforms) = preSolution
		Debug|Any CPU = Debug|Any CPU
		Release|Any CPU = Release|Any CPU
	EndGlobalSection
	GlobalSection(ProjectConfigurationPlatforms) = postSolution
		{F764E8F3-F87F-4DCD-A8F3-7E61F2295E08}.Debug|Any CPU.ActiveCfg = Debug|Any CPU
		{F764E8F3-F87F-4DCD-A8F3-7E61F2295E08}.Debug|Any CPU.Build.0 = Debug|Any CPU
		{F764E8F3-F87F-4DCD-A8F3-7E61F2295E08}.Release|Any CPU.ActiveCfg = Release|Any CPU
		{F764E8F3-F87F-4DCD-A8F3-7E61F2295E08}.Release|Any CPU.Build.0 = Release|Any CPU
		{5B2A71CA-D805-1CC1-1543-55505565BBD3}.Debug|Any CPU.ActiveCfg = Debug|Any CPU
		{5B2A71CA-D805-1CC1-1543-55505565BBD3}.Debug|Any CPU.Build.0 = Debug|Any CPU
		{5B2A71CA-D805-1CC1-1543-55505565BBD3}.Release|Any CPU.ActiveCfg = Release|Any CPU
		{5B2A71CA-D805-1CC1-1543-55505565BBD3}.Release|Any CPU.Build.0 = Release|Any CPU
	EndGlobalSection
	GlobalSection(SolutionProperties) = preSolution
		HideSolutionNode = FALSE
	EndGlobalSection
	GlobalSection(ExtensibilityGlobals) = postSolution
		SolutionGuid = {FF1C0703-091A-4C01-8A35-2A6EF5076C99}
	EndGlobalSection
EndGlobal
